// !$*UTF8*$!
{
	archiveVersion = 1;
	classes = {
	};
	objectVersion = 48;
	objects = {

/* Begin PBXBuildFile section */
		AA91DDE22068D06A006F800A /* AppDelegate.swift in Sources */ = {isa = PBXBuildFile; fileRef = AA91DDE12068D06A006F800A /* AppDelegate.swift */; };
		AA91DDE42068D06A006F800A /* ViewController.swift in Sources */ = {isa = PBXBuildFile; fileRef = AA91DDE32068D06A006F800A /* ViewController.swift */; };
		AA91DDE72068D06A006F800A /* Main.storyboard in Resources */ = {isa = PBXBuildFile; fileRef = AA91DDE52068D06A006F800A /* Main.storyboard */; };
		AA91DDE92068D06A006F800A /* Assets.xcassets in Resources */ = {isa = PBXBuildFile; fileRef = AA91DDE82068D06A006F800A /* Assets.xcassets */; };
		AA91DDEC2068D06A006F800A /* LaunchScreen.storyboard in Resources */ = {isa = PBXBuildFile; fileRef = AA91DDEA2068D06A006F800A /* LaunchScreen.storyboard */; };
		AA91DDF52068D09F006F800A /* FilterCondition.swift in Sources */ = {isa = PBXBuildFile; fileRef = AA91DDF42068D09F006F800A /* FilterCondition.swift */; };
		AA91DDF72068D4D6006F800A /* FilterViewController.swift in Sources */ = {isa = PBXBuildFile; fileRef = AA91DDF62068D4D6006F800A /* FilterViewController.swift */; };
		AA91DDFA2068E23C006F800A /* DefaultFilterViewController.swift in Sources */ = {isa = PBXBuildFile; fileRef = AA91DDF92068E23C006F800A /* DefaultFilterViewController.swift */; };
		AA91DDFC2068F592006F800A /* FilterItemView.swift in Sources */ = {isa = PBXBuildFile; fileRef = AA91DDFB2068F592006F800A /* FilterItemView.swift */; };
		AA91DDFE206914C0006F800A /* FilterHeaderView.swift in Sources */ = {isa = PBXBuildFile; fileRef = AA91DDFD206914C0006F800A /* FilterHeaderView.swift */; };
		AA91DE0020691546006F800A /* Utils.swift in Sources */ = {isa = PBXBuildFile; fileRef = AA91DDFF20691546006F800A /* Utils.swift */; };
		AA91DE022069E6D1006F800A /* FilterConfiguration.swift in Sources */ = {isa = PBXBuildFile; fileRef = AA91DE012069E6D1006F800A /* FilterConfiguration.swift */; };
		AA91DE042069F8C3006F800A /* SelectFilterCell.swift in Sources */ = {isa = PBXBuildFile; fileRef = AA91DE032069F8C3006F800A /* SelectFilterCell.swift */; };
/* End PBXBuildFile section */

/* Begin PBXFileReference section */
		AA91DDDE2068D06A006F800A /* Filter.app */ = {isa = PBXFileReference; explicitFileType = wrapper.application; includeInIndex = 0; path = Filter.app; sourceTree = BUILT_PRODUCTS_DIR; };
		AA91DDE12068D06A006F800A /* AppDelegate.swift */ = {isa = PBXFileReference; lastKnownFileType = sourcecode.swift; path = AppDelegate.swift; sourceTree = "<group>"; };
		AA91DDE32068D06A006F800A /* ViewController.swift */ = {isa = PBXFileReference; lastKnownFileType = sourcecode.swift; path = ViewController.swift; sourceTree = "<group>"; };
		AA91DDE62068D06A006F800A /* Base */ = {isa = PBXFileReference; lastKnownFileType = file.storyboard; name = Base; path = Base.lproj/Main.storyboard; sourceTree = "<group>"; };
		AA91DDE82068D06A006F800A /* Assets.xcassets */ = {isa = PBXFileReference; lastKnownFileType = folder.assetcatalog; path = Assets.xcassets; sourceTree = "<group>"; };
		AA91DDEB2068D06A006F800A /* Base */ = {isa = PBXFileReference; lastKnownFileType = file.storyboard; name = Base; path = Base.lproj/LaunchScreen.storyboard; sourceTree = "<group>"; };
		AA91DDED2068D06A006F800A /* Info.plist */ = {isa = PBXFileReference; lastKnownFileType = text.plist.xml; path = Info.plist; sourceTree = "<group>"; };
		AA91DDF42068D09F006F800A /* FilterCondition.swift */ = {isa = PBXFileReference; lastKnownFileType = sourcecode.swift; path = FilterCondition.swift; sourceTree = "<group>"; };
		AA91DDF62068D4D6006F800A /* FilterViewController.swift */ = {isa = PBXFileReference; lastKnownFileType = sourcecode.swift; path = FilterViewController.swift; sourceTree = "<group>"; };
		AA91DDF92068E23C006F800A /* DefaultFilterViewController.swift */ = {isa = PBXFileReference; lastKnownFileType = sourcecode.swift; path = DefaultFilterViewController.swift; sourceTree = "<group>"; };
		AA91DDFB2068F592006F800A /* FilterItemView.swift */ = {isa = PBXFileReference; lastKnownFileType = sourcecode.swift; path = FilterItemView.swift; sourceTree = "<group>"; };
		AA91DDFD206914C0006F800A /* FilterHeaderView.swift */ = {isa = PBXFileReference; lastKnownFileType = sourcecode.swift; path = FilterHeaderView.swift; sourceTree = "<group>"; };
		AA91DDFF20691546006F800A /* Utils.swift */ = {isa = PBXFileReference; lastKnownFileType = sourcecode.swift; path = Utils.swift; sourceTree = "<group>"; };
		AA91DE012069E6D1006F800A /* FilterConfiguration.swift */ = {isa = PBXFileReference; lastKnownFileType = sourcecode.swift; path = FilterConfiguration.swift; sourceTree = "<group>"; };
		AA91DE032069F8C3006F800A /* SelectFilterCell.swift */ = {isa = PBXFileReference; lastKnownFileType = sourcecode.swift; path = SelectFilterCell.swift; sourceTree = "<group>"; };
/* End PBXFileReference section */

/* Begin PBXFrameworksBuildPhase section */
		AA91DDDB2068D06A006F800A /* Frameworks */ = {
			isa = PBXFrameworksBuildPhase;
			buildActionMask = 2147483647;
			files = (
			);
			runOnlyForDeploymentPostprocessing = 0;
		};
/* End PBXFrameworksBuildPhase section */

/* Begin PBXGroup section */
		AA91DDD52068D06A006F800A = {
			isa = PBXGroup;
			children = (
				AA91DDE02068D06A006F800A /* Filter */,
				AA91DDDF2068D06A006F800A /* Products */,
			);
			sourceTree = "<group>";
		};
		AA91DDDF2068D06A006F800A /* Products */ = {
			isa = PBXGroup;
			children = (
				AA91DDDE2068D06A006F800A /* Filter.app */,
			);
			name = Products;
			sourceTree = "<group>";
		};
		AA91DDE02068D06A006F800A /* Filter */ = {
			isa = PBXGroup;
			children = (
				AA91DDF82068E204006F800A /* default */,
				AA91DDF32068D07C006F800A /* core */,
				AA91DDE12068D06A006F800A /* AppDelegate.swift */,
				AA91DDE32068D06A006F800A /* ViewController.swift */,
				AA91DDE52068D06A006F800A /* Main.storyboard */,
				AA91DDE82068D06A006F800A /* Assets.xcassets */,
				AA91DDEA2068D06A006F800A /* LaunchScreen.storyboard */,
				AA91DDED2068D06A006F800A /* Info.plist */,
			);
			path = Filter;
			sourceTree = "<group>";
		};
		AA91DDF32068D07C006F800A /* core */ = {
			isa = PBXGroup;
			children = (
				AA91DDF42068D09F006F800A /* FilterCondition.swift */,
				AA91DDF62068D4D6006F800A /* FilterViewController.swift */,
				AA91DDFB2068F592006F800A /* FilterItemView.swift */,
				AA91DE012069E6D1006F800A /* FilterConfiguration.swift */,
			);
			path = core;
			sourceTree = "<group>";
		};
		AA91DDF82068E204006F800A /* default */ = {
			isa = PBXGroup;
			children = (
				AA91DDF92068E23C006F800A /* DefaultFilterViewController.swift */,
				AA91DDFD206914C0006F800A /* FilterHeaderView.swift */,
				AA91DDFF20691546006F800A /* Utils.swift */,
				AA91DE032069F8C3006F800A /* SelectFilterCell.swift */,
			);
			path = default;
			sourceTree = "<group>";
		};
/* End PBXGroup section */

/* Begin PBXNativeTarget section */
		AA91DDDD2068D06A006F800A /* Filter */ = {
			isa = PBXNativeTarget;
			buildConfigurationList = AA91DDF02068D06A006F800A /* Build configuration list for PBXNativeTarget "Filter" */;
			buildPhases = (
				AA91DDDA2068D06A006F800A /* Sources */,
				AA91DDDB2068D06A006F800A /* Frameworks */,
				AA91DDDC2068D06A006F800A /* Resources */,
			);
			buildRules = (
			);
			dependencies = (
			);
			name = Filter;
			productName = Filter;
			productReference = AA91DDDE2068D06A006F800A /* Filter.app */;
			productType = "com.apple.product-type.application";
		};
/* End PBXNativeTarget section */

/* Begin PBXProject section */
		AA91DDD62068D06A006F800A /* Project object */ = {
			isa = PBXProject;
			attributes = {
				LastSwiftUpdateCheck = 0920;
				LastUpgradeCheck = 0920;
				ORGANIZATIONNAME = com.36kr;
				TargetAttributes = {
					AA91DDDD2068D06A006F800A = {
						CreatedOnToolsVersion = 9.2;
						ProvisioningStyle = Automatic;
					};
				};
			};
			buildConfigurationList = AA91DDD92068D06A006F800A /* Build configuration list for PBXProject "Filter" */;
			compatibilityVersion = "Xcode 8.0";
			developmentRegion = en;
			hasScannedForEncodings = 0;
			knownRegions = (
				en,
				Base,
			);
			mainGroup = AA91DDD52068D06A006F800A;
			productRefGroup = AA91DDDF2068D06A006F800A /* Products */;
			projectDirPath = "";
			projectRoot = "";
			targets = (
				AA91DDDD2068D06A006F800A /* Filter */,
			);
		};
/* End PBXProject section */

/* Begin PBXResourcesBuildPhase section */
		AA91DDDC2068D06A006F800A /* Resources */ = {
			isa = PBXResourcesBuildPhase;
			buildActionMask = 2147483647;
			files = (
				AA91DDEC2068D06A006F800A /* LaunchScreen.storyboard in Resources */,
				AA91DDE92068D06A006F800A /* Assets.xcassets in Resources */,
				AA91DDE72068D06A006F800A /* Main.storyboard in Resources */,
			);
			runOnlyForDeploymentPostprocessing = 0;
		};
/* End PBXResourcesBuildPhase section */

/* Begin PBXSourcesBuildPhase section */
		AA91DDDA2068D06A006F800A /* Sources */ = {
			isa = PBXSourcesBuildPhase;
			buildActionMask = 2147483647;
			files = (
				AA91DDF52068D09F006F800A /* FilterCondition.swift in Sources */,
				AA91DDFC2068F592006F800A /* FilterItemView.swift in Sources */,
				AA91DDFA2068E23C006F800A /* DefaultFilterViewController.swift in Sources */,
				AA91DDFE206914C0006F800A /* FilterHeaderView.swift in Sources */,
				AA91DDE42068D06A006F800A /* ViewController.swift in Sources */,
				AA91DDF72068D4D6006F800A /* FilterViewController.swift in Sources */,
				AA91DDE22068D06A006F800A /* AppDelegate.swift in Sources */,
				AA91DE022069E6D1006F800A /* FilterConfiguration.swift in Sources */,
				AA91DE0020691546006F800A /* Utils.swift in Sources */,
				AA91DE042069F8C3006F800A /* SelectFilterCell.swift in Sources */,
			);
			runOnlyForDeploymentPostprocessing = 0;
		};
/* End PBXSourcesBuildPhase section */

/* Begin PBXVariantGroup section */
		AA91DDE52068D06A006F800A /* Main.storyboard */ = {
			isa = PBXVariantGroup;
			children = (
				AA91DDE62068D06A006F800A /* Base */,
			);
			name = Main.storyboard;
			sourceTree = "<group>";
		};
		AA91DDEA2068D06A006F800A /* LaunchScreen.storyboard */ = {
			isa = PBXVariantGroup;
			children = (
				AA91DDEB2068D06A006F800A /* Base */,
			);
			name = LaunchScreen.storyboard;
			sourceTree = "<group>";
		};
/* End PBXVariantGroup section */

/* Begin XCBuildConfiguration section */
		AA91DDEE2068D06A006F800A /* Debug */ = {
			isa = XCBuildConfiguration;
			buildSettings = {
				ALWAYS_SEARCH_USER_PATHS = NO;
				CLANG_ANALYZER_NONNULL = YES;
				CLANG_ANALYZER_NUMBER_OBJECT_CONVERSION = YES_AGGRESSIVE;
				CLANG_CXX_LANGUAGE_STANDARD = "gnu++14";
				CLANG_CXX_LIBRARY = "libc++";
				CLANG_ENABLE_MODULES = YES;
				CLANG_ENABLE_OBJC_ARC = YES;
				CLANG_WARN_BLOCK_CAPTURE_AUTORELEASING = YES;
				CLANG_WARN_BOOL_CONVERSION = YES;
				CLANG_WARN_COMMA = YES;
				CLANG_WARN_CONSTANT_CONVERSION = YES;
				CLANG_WARN_DIRECT_OBJC_ISA_USAGE = YES_ERROR;
				CLANG_WARN_DOCUMENTATION_COMMENTS = YES;
				CLANG_WARN_EMPTY_BODY = YES;
				CLANG_WARN_ENUM_CONVERSION = YES;
				CLANG_WARN_INFINITE_RECURSION = YES;
				CLANG_WARN_INT_CONVERSION = YES;
				CLANG_WARN_NON_LITERAL_NULL_CONVERSION = YES;
				CLANG_WARN_OBJC_LITERAL_CONVERSION = YES;
				CLANG_WARN_OBJC_ROOT_CLASS = YES_ERROR;
				CLANG_WARN_RANGE_LOOP_ANALYSIS = YES;
				CLANG_WARN_STRICT_PROTOTYPES = YES;
				CLANG_WARN_SUSPICIOUS_MOVE = YES;
				CLANG_WARN_UNGUARDED_AVAILABILITY = YES_AGGRESSIVE;
				CLANG_WARN_UNREACHABLE_CODE = YES;
				CLANG_WARN__DUPLICATE_METHOD_MATCH = YES;
				CODE_SIGN_IDENTITY = "iPhone Developer";
				COPY_PHASE_STRIP = NO;
				DEBUG_INFORMATION_FORMAT = dwarf;
				ENABLE_STRICT_OBJC_MSGSEND = YES;
				ENABLE_TESTABILITY = YES;
				GCC_C_LANGUAGE_STANDARD = gnu11;
				GCC_DYNAMIC_NO_PIC = NO;
				GCC_NO_COMMON_BLOCKS = YES;
				GCC_OPTIMIZATION_LEVEL = 0;
				GCC_PREPROCESSOR_DEFINITIONS = (
					"DEBUG=1",
					"$(inherited)",
				);
				GCC_WARN_64_TO_32_BIT_CONVERSION = YES;
				GCC_WARN_ABOUT_RETURN_TYPE = YES_ERROR;
				GCC_WARN_UNDECLARED_SELECTOR = YES;
				GCC_WARN_UNINITIALIZED_AUTOS = YES_AGGRESSIVE;
				GCC_WARN_UNUSED_FUNCTION = YES;
				GCC_WARN_UNUSED_VARIABLE = YES;
				IPHONEOS_DEPLOYMENT_TARGET = 11.2;
				MTL_ENABLE_DEBUG_INFO = YES;
				ONLY_ACTIVE_ARCH = YES;
				SDKROOT = iphoneos;
				SWIFT_ACTIVE_COMPILATION_CONDITIONS = DEBUG;
				SWIFT_OPTIMIZATION_LEVEL = "-Onone";
			};
			name = Debug;
		};
		AA91DDEF2068D06A006F800A /* Release */ = {
			isa = XCBuildConfiguration;
			buildSettings = {
				ALWAYS_SEARCH_USER_PATHS = NO;
				CLANG_ANALYZER_NONNULL = YES;
				CLANG_ANALYZER_NUMBER_OBJECT_CONVERSION = YES_AGGRESSIVE;
				CLANG_CXX_LANGUAGE_STANDARD = "gnu++14";
				CLANG_CXX_LIBRARY = "libc++";
				CLANG_ENABLE_MODULES = YES;
				CLANG_ENABLE_OBJC_ARC = YES;
				CLANG_WARN_BLOCK_CAPTURE_AUTORELEASING = YES;
				CLANG_WARN_BOOL_CONVERSION = YES;
				CLANG_WARN_COMMA = YES;
				CLANG_WARN_CONSTANT_CONVERSION = YES;
				CLANG_WARN_DIRECT_OBJC_ISA_USAGE = YES_ERROR;
				CLANG_WARN_DOCUMENTATION_COMMENTS = YES;
				CLANG_WARN_EMPTY_BODY = YES;
				CLANG_WARN_ENUM_CONVERSION = YES;
				CLANG_WARN_INFINITE_RECURSION = YES;
				CLANG_WARN_INT_CONVERSION = YES;
				CLANG_WARN_NON_LITERAL_NULL_CONVERSION = YES;
				CLANG_WARN_OBJC_LITERAL_CONVERSION = YES;
				CLANG_WARN_OBJC_ROOT_CLASS = YES_ERROR;
				CLANG_WARN_RANGE_LOOP_ANALYSIS = YES;
				CLANG_WARN_STRICT_PROTOTYPES = YES;
				CLANG_WARN_SUSPICIOUS_MOVE = YES;
				CLANG_WARN_UNGUARDED_AVAILABILITY = YES_AGGRESSIVE;
				CLANG_WARN_UNREACHABLE_CODE = YES;
				CLANG_WARN__DUPLICATE_METHOD_MATCH = YES;
				CODE_SIGN_IDENTITY = "iPhone Developer";
				COPY_PHASE_STRIP = NO;
				DEBUG_INFORMATION_FORMAT = "dwarf-with-dsym";
				ENABLE_NS_ASSERTIONS = NO;
				ENABLE_STRICT_OBJC_MSGSEND = YES;
				GCC_C_LANGUAGE_STANDARD = gnu11;
				GCC_NO_COMMON_BLOCKS = YES;
				GCC_WARN_64_TO_32_BIT_CONVERSION = YES;
				GCC_WARN_ABOUT_RETURN_TYPE = YES_ERROR;
				GCC_WARN_UNDECLARED_SELECTOR = YES;
				GCC_WARN_UNINITIALIZED_AUTOS = YES_AGGRESSIVE;
				GCC_WARN_UNUSED_FUNCTION = YES;
				GCC_WARN_UNUSED_VARIABLE = YES;
				IPHONEOS_DEPLOYMENT_TARGET = 11.2;
				MTL_ENABLE_DEBUG_INFO = NO;
				SDKROOT = iphoneos;
				SWIFT_OPTIMIZATION_LEVEL = "-Owholemodule";
				VALIDATE_PRODUCT = YES;
			};
			name = Release;
		};
		AA91DDF12068D06A006F800A /* Debug */ = {
			isa = XCBuildConfiguration;
			buildSettings = {
				ASSETCATALOG_COMPILER_APPICON_NAME = AppIcon;
				CODE_SIGN_STYLE = Automatic;
				DEVELOPMENT_TEAM = JXT3UM27V4;
				INFOPLIST_FILE = Filter/Info.plist;
				LD_RUNPATH_SEARCH_PATHS = "$(inherited) @executable_path/Frameworks";
				PRODUCT_BUNDLE_IDENTIFIER = com.36kr.Filter;
				PRODUCT_NAME = "$(TARGET_NAME)";
				SWIFT_VERSION = 4.0;
				TARGETED_DEVICE_FAMILY = "1,2";
			};
			name = Debug;
		};
		AA91DDF22068D06A006F800A /* Release */ = {
			isa = XCBuildConfiguration;
			buildSettings = {
				ASSETCATALOG_COMPILER_APPICON_NAME = AppIcon;
				CODE_SIGN_STYLE = Automatic;
				DEVELOPMENT_TEAM = JXT3UM27V4;
				INFOPLIST_FILE = Filter/Info.plist;
				LD_RUNPATH_SEARCH_PATHS = "$(inherited) @executable_path/Frameworks";
				PRODUCT_BUNDLE_IDENTIFIER = com.36kr.Filter;
				PRODUCT_NAME = "$(TARGET_NAME)";
				SWIFT_VERSION = 4.0;
				TARGETED_DEVICE_FAMILY = "1,2";
			};
			name = Release;
		};
/* End XCBuildConfiguration section */

/* Begin XCConfigurationList section */
		AA91DDD92068D06A006F800A /* Build configuration list for PBXProject "Filter" */ = {
			isa = XCConfigurationList;
			buildConfigurations = (
				AA91DDEE2068D06A006F800A /* Debug */,
				AA91DDEF2068D06A006F800A /* Release */,
			);
			defaultConfigurationIsVisible = 0;
			defaultConfigurationName = Release;
		};
		AA91DDF02068D06A006F800A /* Build configuration list for PBXNativeTarget "Filter" */ = {
			isa = XCConfigurationList;
			buildConfigurations = (
				AA91DDF12068D06A006F800A /* Debug */,
				AA91DDF22068D06A006F800A /* Release */,
			);
			defaultConfigurationIsVisible = 0;
			defaultConfigurationName = Release;
		};
/* End XCConfigurationList section */
	};
	rootObject = AA91DDD62068D06A006F800A /* Project object */;
}
